github.com/antzucaro/matchr v0.0.0-20191224151129-ab6ba461ddec h1:uurd2LiNfcarvGB05LUzvGzPoNr5eRgC92WwdXoK7Qs=
github.com/antzucaro/matchr v0.0.0-20191224151129-ab6ba461ddec/go.mod h1:v3ZDlfVAL1OrkKHbGSFFK60k0/7hruHPDq2XMs9Gu6U=
github.com/antzucaro/matchr v0.0.0-20210222213004-b04723ef80f0 h1:R/qAiUxFT3mNgQaNqJe0IVznjKRNm23ohAIh9lgtlzc=
github.com/antzucaro/matchr v0.0.0-20210222213004-b04723ef80f0/go.mod h1:v3ZDlfVAL1OrkKHbGSFFK60k0/7hruHPDq2XMs9Gu6U=
github.com/davecgh/go-spew v0.0.0-20161028175848-04cdfd42973b h1:XxMZvQZtTXpWMNWK82vdjCLCe7uGMFXdTsJH0v3Hkvw=
github.com/davecgh/go-spew v0.0.0-20161028175848-04cdfd42973b/go.mod h1:J7Y8YcW2NihsgmVo/mv3lAwl/skON4iLHjSsI+c5H38=
github.com/mattn/go-runewidth v0.0.7 h1:Ei8KR0497xHyKJPAv59M1dkC+rOZCMBJ+t3fZ+twI54=
github.com/mattn/go-runewidth v0.0.7/go.mod h1:H031xJmbD/WCDINGzjvQ9THkh0rPKHF+m2gUSrubnMI=
github.com/mattn/go-runewidth v0.0.8/go.mod h1:H031xJmbD/WCDINGzjvQ9THkh0rPKHF+m2gUSrubnMI=
github.com/mattn/go-runewidth v0.0.9/go.mod h1:H031xJmbD/WCDINGzjvQ9THkh0rPKHF+m2gUSrubnMI=
github.com/mattn/go-runewidth v0.0.10 h1:CoZ3S2P7pvtP45xOtBw+/mDL2z0RKI576gSkzRRpdGg=
github.com/mattn/go-runewidth v0.0.10/go.mod h1:RAqKPSqVFrSLVXbA8x7dzmKdmGzieGRCM46jaSJTDAk=
github.com/pirmd/cli v0.2.0 h1:lJJEInU5Mb8jcIISuNxEeAsV7lPO9Nj3gmFVO1OVyDc=
github.com/pirmd/cli v0.2.0/go.mod h1:O0KX5M95fQFSeWLPP4kq4LrZHWgS1+G9FwitmBF9T64=
github.com/pirmd/cli v0.3.0 h1:OW0248GRk/79lePS3g+Wqpua3BziEKPagBZ/ta0uGmQ=
github.com/pirmd/cli v0.3.0/go.mod h1:MCAlgqKKTt8c0KK9tggXepX6mqo0ztZm6t2R5nNbZKY=
github.com/pirmd/style v0.3.1 h1:kuIxpKaMEQMUYaM81Bzs6h4OLxDlqcNgR0ZYJpnS7/0=
github.com/pirmd/style v0.3.1/go.mod h1:h1p0xPt7IAJwf08x84VYK3i3VhzJUhqzuEf2ofe0XQ4=
github.com/pirmd/style v0.3.2/go.mod h1:kLGUJ6zHSntdWadWcZS1Tka8mOXfq02xmpO1AAL6wiA=
github.com/pirmd/style v0.4.0/go.mod h1:YXdHYPjnwg6jIE8Gm6kkH/taxYD2W7PDIATSE5UOwfQ=
github.com/pirmd/text v0.0.0-20191111165610-e9760a07aba4 h1:87kHcyMn0OfUxocFbEUnac5XNhfJiG3RfEoAa/3OQJE=
github.com/pirmd/text v0.0.0-20191111165610-e9760a07aba4/go.mod h1:FBNvItiLIoO/jhO8dO35YtMt0wxxuIPBZnDKPxKh75U=
github.com/pirmd/text v0.4.0 h1:PhsBYYH6pYJ3HD/o9loR9ktk4yyhZ49ba7VmLYqPOIM=
github.com/pirmd/text v0.4.0/go.mod h1:4OlvjIEyYwpNYzjAgCyMX9I9kaWBU/HKdgITLQJW4uY=
github.com/pirmd/text v0.5.1/go.mod h1:hnz1evTCIMeXQfoGk9M4JAM1i/P2xqrVC6pLE5SLwag=
github.com/pirmd/text v0.5.3/go.mod h1:JbZ5T8NTXpaeP4yHsW3FUyx/Ra1jucBhnf/g1Xlc3zk=
github.com/pirmd/text v0.6.0 h1:54JEPLm0gXgtiW0XNtnWpqaE7OgZLl4lobC4p2cBg+Q=
github.com/pirmd/text v0.6.0/go.mod h1:CK1HypnOx5CsxYOEXHiSBQxZ2skU2MECCYX5Xpv2EBk=
github.com/pirmd/verify v0.2.0/go.mod h1:/McQWCtPnQ52qjQCYc0JKdwFyTxd5oRfwtCUq9m+eG0=
github.com/pirmd/verify v0.3.0/go.mod h1:mGtcZ/bkSilRDPsyIb8gz5cq8d+3GmkTZpSK7nNVuzs=
github.com/pirmd/verify v0.4.0/go.mod h1:9RfQm4bsxaOGr/CWqbOhCdAJAN+tx1KAmk+/BnNlYA8=
github.com/pirmd/verify v0.4.1/go.mod h1:9RfQm4bsxaOGr/CWqbOhCdAJAN+tx1KAmk+/BnNlYA8=
github.com/pmezard/go-difflib v0.0.0-20151028094244-d8ed2627bdf0 h1:GD+A8+e+wFkqje55/2fOVnZPkoDIu1VooBWfNrnY8Uo=
github.com/pmezard/go-difflib v0.0.0-20151028094244-d8ed2627bdf0/go.mod h1:iKH77koFhYxTK1pcRnkKkqfTogsbg7gZNVY4sRDYZ/4=
github.com/rivo/uniseg v0.1.0 h1:+2KBaVoUmb9XzDsrx/Ct0W/EYOSFf/nWTauy++DprtY=
github.com/rivo/uniseg v0.1.0/go.mod h1:J6wj4VEh+S6ZtnVlnTBMWIodfgj8LQOQFoIToxlJtxc=
github.com/rivo/uniseg v0.2.0 h1:S1pD9weZBuJdFmowNwbpi7BJ8TNftyUImj/0WQi72jY=
github.com/rivo/uniseg v0.2.0/go.mod h1:J6wj4VEh+S6ZtnVlnTBMWIodfgj8LQOQFoIToxlJtxc=
github.com/sanity-io/litter v1.2.0 h1:DGJO0bxH/+C2EukzOSBmAlxmkhVMGqzvcx/rvySYw9M=
github.com/sanity-io/litter v1.2.0/go.mod h1:JF6pZUFgu2Q0sBZ+HSV35P8TVPI1TTzEwyu9FXAw2W4=
github.com/sanity-io/litter v1.5.0 h1:cHM1wTJiOETY9LKRPd3tqUHGquaBaTteD1tZFesEoi8=
github.com/sanity-io/litter v1.5.0/go.mod h1:5Z71SvaYy5kcGtyglXOC9rrUi3c1E8CamFWjQsazTh0=
github.com/stretchr/testify v0.0.0-20161117074351-18a02ba4a312 h1:UsFdQ3ZmlzS0BqZYGxvYaXvFGUbCmPGy8DM7qWJJiIQ=
github.com/stretchr/testify v0.0.0-20161117074351-18a02ba4a312/go.mod h1:a8OnRcib4nhh0OaRAV+Yts87kKdq0PP7pXfy6kDkUVs=
golang.org/x/sys v0.0.0-20201119102817-f84b799fce68 h1:nxC68pudNYkKU6jWhgrqdreuFiOQWj1Fs7T3VrH4Pjw=
golang.org/x/sys v0.0.0-20201119102817-f84b799fce68/go.mod h1:h1NjWce9XRLGQEsW7wpKNCjG9DtNlClVuFLEZdDNbEs=
golang.org/x/sys v0.0.0-20210313202042-bd2e13477e9c h1:coiPEfMv+ThsjULRDygLrJVlNE1gDdL2g65s0LhV2os=
golang.org/x/sys v0.0.0-20210313202042-bd2e13477e9c/go.mod h1:h1NjWce9XRLGQEsW7wpKNCjG9DtNlClVuFLEZdDNbEs=
golang.org/x/term v0.0.0-20210220032956-6a3ed077a48d h1:SZxvLBoTP5yHO3Frd4z4vrF+DBX9vMVanchswa69toE=
golang.org/x/term v0.0.0-20210220032956-6a3ed077a48d/go.mod h1:bj7SfCRtBDWHUb9snDiAeCFNEtKQo2Wmx5Cou7ajbmo=
